
Microsoft Visual Studio Solution File, Format Version 12.00
# Visual Studio Version 16
VisualStudioVersion = 16.0.31205.134
MinimumVisualStudioVersion = 10.0.40219.1
Project("{FAE04EC0-301F-11D3-BF4B-00C04F79EFBC}") = "WPF_MVVM_example_3.7", "WPF_MVVM_example_3.7\WPF_MVVM_example_3.7.csproj", "{80C89D4C-D048-4C2D-A0B7-57867E8DF7DD}"
EndProject
Global
	GlobalSection(SolutionConfigurationPlatforms) = preSolution
		Debug|Any CPU = Debug|Any CPU
		Release|Any CPU = Release|Any CPU
	EndGlobalSection
	GlobalSection(ProjectConfigurationPlatforms) = postSolution
		{80C89D4C-D048-4C2D-A0B7-57867E8DF7DD}.Debug|Any CPU.ActiveCfg = Debug|Any CPU
		{80C89D4C-D048-4C2D-A0B7-57867E8DF7DD}.Debug|Any CPU.Build.0 = Debug|Any CPU
		{80C89D4C-D048-4C2D-A0B7-57867E8DF7DD}.Release|Any CPU.ActiveCfg = Release|Any CPU
		{80C89D4C-D048-4C2D-A0B7-57867E8DF7DD}.Release|Any CPU.Build.0 = Release|Any CPU
	EndGlobalSection
	GlobalSection(SolutionProperties) = preSolution
		HideSolutionNode = FALSE
	EndGlobalSection
	GlobalSection(ExtensibilityGlobals) = postSolution
		SolutionGuid = {9D01CFF5-B612-482B-A315-F133ACD4E4B1}
	EndGlobalSection
EndGlobal
