
Microsoft Visual Studio Solution File, Format Version 12.00
# Visual Studio Version 16
VisualStudioVersion = 16.0.31205.134
MinimumVisualStudioVersion = 10.0.40219.1
Project("{FAE04EC0-301F-11D3-BF4B-00C04F79EFBC}") = "WPF_MVVM_example_3.15", "WPF_MVVM_example_3.15\WPF_MVVM_example_3.15.csproj", "{65B486CD-490F-43ED-976B-D19EE27CF3C7}"
EndProject
Global
	GlobalSection(SolutionConfigurationPlatforms) = preSolution
		Debug|Any CPU = Debug|Any CPU
		Release|Any CPU = Release|Any CPU
	EndGlobalSection
	GlobalSection(ProjectConfigurationPlatforms) = postSolution
		{65B486CD-490F-43ED-976B-D19EE27CF3C7}.Debug|Any CPU.ActiveCfg = Debug|Any CPU
		{65B486CD-490F-43ED-976B-D19EE27CF3C7}.Debug|Any CPU.Build.0 = Debug|Any CPU
		{65B486CD-490F-43ED-976B-D19EE27CF3C7}.Release|Any CPU.ActiveCfg = Release|Any CPU
		{65B486CD-490F-43ED-976B-D19EE27CF3C7}.Release|Any CPU.Build.0 = Release|Any CPU
	EndGlobalSection
	GlobalSection(SolutionProperties) = preSolution
		HideSolutionNode = FALSE
	EndGlobalSection
	GlobalSection(ExtensibilityGlobals) = postSolution
		SolutionGuid = {A9DA61D3-6D21-4550-A895-9F2736BD54D6}
	EndGlobalSection
EndGlobal
