
Microsoft Visual Studio Solution File, Format Version 12.00
# Visual Studio Version 16
VisualStudioVersion = 16.0.31205.134
MinimumVisualStudioVersion = 10.0.40219.1
Project("{FAE04EC0-301F-11D3-BF4B-00C04F79EFBC}") = "WPF_MVVM_Chapter_5", "WPF_MVVM_Chapter_5\WPF_MVVM_Chapter_5.csproj", "{1777B158-D9D2-43C2-AA19-9E2B19B29E7E}"
EndProject
Global
	GlobalSection(SolutionConfigurationPlatforms) = preSolution
		Debug|Any CPU = Debug|Any CPU
		Release|Any CPU = Release|Any CPU
	EndGlobalSection
	GlobalSection(ProjectConfigurationPlatforms) = postSolution
		{1777B158-D9D2-43C2-AA19-9E2B19B29E7E}.Debug|Any CPU.ActiveCfg = Debug|Any CPU
		{1777B158-D9D2-43C2-AA19-9E2B19B29E7E}.Debug|Any CPU.Build.0 = Debug|Any CPU
		{1777B158-D9D2-43C2-AA19-9E2B19B29E7E}.Release|Any CPU.ActiveCfg = Release|Any CPU
		{1777B158-D9D2-43C2-AA19-9E2B19B29E7E}.Release|Any CPU.Build.0 = Release|Any CPU
	EndGlobalSection
	GlobalSection(SolutionProperties) = preSolution
		HideSolutionNode = FALSE
	EndGlobalSection
	GlobalSection(ExtensibilityGlobals) = postSolution
		SolutionGuid = {A851ACCF-1774-406A-85FD-9B72E7C443BD}
	EndGlobalSection
EndGlobal
