
Microsoft Visual Studio Solution File, Format Version 12.00
# Visual Studio Version 16
VisualStudioVersion = 16.0.31205.134
MinimumVisualStudioVersion = 10.0.40219.1
Project("{FAE04EC0-301F-11D3-BF4B-00C04F79EFBC}") = "WPF_MVVM_example_4.10", "WPF_MVVM_example_4.10\WPF_MVVM_example_4.10.csproj", "{5D55CA86-B085-4980-9492-573F0A2DCAE3}"
EndProject
Global
	GlobalSection(SolutionConfigurationPlatforms) = preSolution
		Debug|Any CPU = Debug|Any CPU
		Release|Any CPU = Release|Any CPU
	EndGlobalSection
	GlobalSection(ProjectConfigurationPlatforms) = postSolution
		{5D55CA86-B085-4980-9492-573F0A2DCAE3}.Debug|Any CPU.ActiveCfg = Debug|Any CPU
		{5D55CA86-B085-4980-9492-573F0A2DCAE3}.Debug|Any CPU.Build.0 = Debug|Any CPU
		{5D55CA86-B085-4980-9492-573F0A2DCAE3}.Release|Any CPU.ActiveCfg = Release|Any CPU
		{5D55CA86-B085-4980-9492-573F0A2DCAE3}.Release|Any CPU.Build.0 = Release|Any CPU
	EndGlobalSection
	GlobalSection(SolutionProperties) = preSolution
		HideSolutionNode = FALSE
	EndGlobalSection
	GlobalSection(ExtensibilityGlobals) = postSolution
		SolutionGuid = {0D2C1BD1-31AD-4D9F-A82C-4A5A9E36E353}
	EndGlobalSection
EndGlobal
