
Microsoft Visual Studio Solution File, Format Version 12.00
# Visual Studio Version 16
VisualStudioVersion = 16.0.31205.134
MinimumVisualStudioVersion = 10.0.40219.1
Project("{FAE04EC0-301F-11D3-BF4B-00C04F79EFBC}") = "WPF_MVVM_Chapter6_example", "WPF_MVVM_Chapter6_example\WPF_MVVM_Chapter6_example.csproj", "{E9841B6F-AAA1-43F5-96A9-E48D21DD3574}"
EndProject
Global
	GlobalSection(SolutionConfigurationPlatforms) = preSolution
		Debug|Any CPU = Debug|Any CPU
		Release|Any CPU = Release|Any CPU
	EndGlobalSection
	GlobalSection(ProjectConfigurationPlatforms) = postSolution
		{E9841B6F-AAA1-43F5-96A9-E48D21DD3574}.Debug|Any CPU.ActiveCfg = Debug|Any CPU
		{E9841B6F-AAA1-43F5-96A9-E48D21DD3574}.Debug|Any CPU.Build.0 = Debug|Any CPU
		{E9841B6F-AAA1-43F5-96A9-E48D21DD3574}.Release|Any CPU.ActiveCfg = Release|Any CPU
		{E9841B6F-AAA1-43F5-96A9-E48D21DD3574}.Release|Any CPU.Build.0 = Release|Any CPU
	EndGlobalSection
	GlobalSection(SolutionProperties) = preSolution
		HideSolutionNode = FALSE
	EndGlobalSection
	GlobalSection(ExtensibilityGlobals) = postSolution
		SolutionGuid = {E7124D83-0E74-4592-A9EA-B1603D9CF5FB}
	EndGlobalSection
EndGlobal
